<?xml version="1.0" encoding="utf-8"?>
<Project ToolsVersion="4.0" xmlns="http://schemas.microsoft.com/developer/msbuild/2003">
  <ItemGroup>
    <!-- Source Filters -->
    <Filter Include="Source Files">
      <UniqueIdentifier>{4FC737F1-C7A5-4376-A066-2A32D752A2FF}</UniqueIdentifier>
    </Filter>
    <Filter Include="Source Files\Core">
      <UniqueIdentifier>{a1000001-0001-4000-8001-000000000001}</UniqueIdentifier>
    </Filter>
    <Filter Include="Source Files\Geometry">
      <UniqueIdentifier>{a1000001-0001-4000-8001-000000000002}</UniqueIdentifier>
    </Filter>
    <Filter Include="Source Files\Material">
      <UniqueIdentifier>{a1000001-0001-4000-8001-000000000003}</UniqueIdentifier>
    </Filter>
    <Filter Include="Source Files\Lighting">
      <UniqueIdentifier>{a1000001-0001-4000-8001-000000000004}</UniqueIdentifier>
    </Filter>
    <Filter Include="Source Files\Renderer">
      <UniqueIdentifier>{a1000001-0001-4000-8001-000000000005}</UniqueIdentifier>
    </Filter>
    <Filter Include="Source Files\Scene">
      <UniqueIdentifier>{a1000001-0001-4000-8001-000000000006}</UniqueIdentifier>
    </Filter>
    <Filter Include="Source Files\Camera">
      <UniqueIdentifier>{a1000001-0001-4000-8001-000000000007}</UniqueIdentifier>
    </Filter>
    <Filter Include="Source Files\Output">
      <UniqueIdentifier>{a1000001-0001-4000-8001-000000000008}</UniqueIdentifier>
    </Filter>
    <Filter Include="Source Files\External">
      <UniqueIdentifier>{a1000001-0001-4000-8001-000000000009}</UniqueIdentifier>
    </Filter>
    <!-- Header Filters -->
    <Filter Include="Header Files">
      <UniqueIdentifier>{93995380-89BD-4b04-88EB-625FBE52EBFB}</UniqueIdentifier>
    </Filter>
    <Filter Include="Header Files\Core">
      <UniqueIdentifier>{a2000001-0001-4000-8001-000000000001}</UniqueIdentifier>
    </Filter>
    <Filter Include="Header Files\Geometry">
      <UniqueIdentifier>{a2000001-0001-4000-8001-000000000002}</UniqueIdentifier>
    </Filter>
    <Filter Include="Header Files\Material">
      <UniqueIdentifier>{a2000001-0001-4000-8001-000000000003}</UniqueIdentifier>
    </Filter>
    <Filter Include="Header Files\Lighting">
      <UniqueIdentifier>{a2000001-0001-4000-8001-000000000004}</UniqueIdentifier>
    </Filter>
    <Filter Include="Header Files\Renderer">
      <UniqueIdentifier>{a2000001-0001-4000-8001-000000000005}</UniqueIdentifier>
    </Filter>
    <Filter Include="Header Files\Scene">
      <UniqueIdentifier>{a2000001-0001-4000-8001-000000000006}</UniqueIdentifier>
    </Filter>
    <Filter Include="Header Files\Camera">
      <UniqueIdentifier>{a2000001-0001-4000-8001-000000000007}</UniqueIdentifier>
    </Filter>
    <Filter Include="Header Files\Output">
      <UniqueIdentifier>{a2000001-0001-4000-8001-000000000008}</UniqueIdentifier>
    </Filter>
    <Filter Include="Resource Files">
      <UniqueIdentifier>{103b6f34-9122-4a79-9160-cd35f5798c93}</UniqueIdentifier>
    </Filter>
  </ItemGroup>
  <!-- Source Files -->
  <ItemGroup>
    <!-- Core -->
    <ClCompile Include="src\core\main.cpp">
      <Filter>Source Files\Core</Filter>
    </ClCompile>
    <ClCompile Include="src\core\config.cpp">
      <Filter>Source Files\Core</Filter>
    </ClCompile>
    <!-- Geometry -->
    <ClCompile Include="src\geometry\sphere.cpp">
      <Filter>Source Files\Geometry</Filter>
    </ClCompile>
    <ClCompile Include="src\geometry\box.cpp">
      <Filter>Source Files\Geometry</Filter>
    </ClCompile>
    <ClCompile Include="src\geometry\cylinder.cpp">
      <Filter>Source Files\Geometry</Filter>
    </ClCompile>
    <ClCompile Include="src\geometry\triangle.cpp">
      <Filter>Source Files\Geometry</Filter>
    </ClCompile>
    <ClCompile Include="src\geometry\mesh_triangle.cpp">
      <Filter>Source Files\Geometry</Filter>
    </ClCompile>
    <ClCompile Include="src\geometry\bvh_accel.cpp">
      <Filter>Source Files\Geometry</Filter>
    </ClCompile>
    <!-- Material -->
    <ClCompile Include="src\material\material.cpp">
      <Filter>Source Files\Material</Filter>
    </ClCompile>
    <ClCompile Include="src\material\texture.cpp">
      <Filter>Source Files\Material</Filter>
    </ClCompile>
    <!-- Lighting -->
    <ClCompile Include="src\lighting\area_light.cpp">
      <Filter>Source Files\Lighting</Filter>
    </ClCompile>
    <ClCompile Include="src\lighting\environment_map.cpp">
      <Filter>Source Files\Lighting</Filter>
    </ClCompile>
    <ClCompile Include="src\lighting\environment_map_manager.cpp">
      <Filter>Source Files\Lighting</Filter>
    </ClCompile>
    <!-- Renderer -->
    <ClCompile Include="src\renderer\renderer.cpp">
      <Filter>Source Files\Renderer</Filter>
    </ClCompile>
    <ClCompile Include="src\renderer\brdf.cpp">
      <Filter>Source Files\Renderer</Filter>
    </ClCompile>
    <!-- Scene -->
    <ClCompile Include="src\scene\scene.cpp">
      <Filter>Source Files\Scene</Filter>
    </ClCompile>
    <ClCompile Include="src\scene\scene_parser.cpp">
      <Filter>Source Files\Scene</Filter>
    </ClCompile>
    <ClCompile Include="src\scene\assimp_loader.cpp">
      <Filter>Source Files\Scene</Filter>
    </ClCompile>
    <ClCompile Include="src\scene\scene_cache.cpp">
      <Filter>Source Files\Scene</Filter>
    </ClCompile>
    <!-- Camera -->
    <ClCompile Include="src\camera\camera_path.cpp">
      <Filter>Source Files\Camera</Filter>
    </ClCompile>
    <!-- Output -->
    <ClCompile Include="src\output\hdr_writer.cpp">
      <Filter>Source Files\Output</Filter>
    </ClCompile>
    <ClCompile Include="src\output\png_writer.cpp">
      <Filter>Source Files\Output</Filter>
    </ClCompile>
    <ClCompile Include="src\output\rgbe.cpp">
      <Filter>Source Files\Output</Filter>
    </ClCompile>
    <!-- External -->
    <ClCompile Include="src\external\stb_image.cpp">
      <Filter>Source Files\External</Filter>
    </ClCompile>
  </ItemGroup>
  <!-- Header Files -->
  <ItemGroup>
    <!-- Core -->
    <ClInclude Include="include\core\math_types.h">
      <Filter>Header Files\Core</Filter>
    </ClInclude>
    <ClInclude Include="include\core\ray.h">
      <Filter>Header Files\Core</Filter>
    </ClInclude>
    <ClInclude Include="include\core\intersection.h">
      <Filter>Header Files\Core</Filter>
    </ClInclude>
    <ClInclude Include="include\core\rng.h">
      <Filter>Header Files\Core</Filter>
    </ClInclude>
    <ClInclude Include="include\core\config.h">
      <Filter>Header Files\Core</Filter>
    </ClInclude>
    <!-- Geometry -->
    <ClInclude Include="include\geometry\shape.h">
      <Filter>Header Files\Geometry</Filter>
    </ClInclude>
    <ClInclude Include="include\geometry\sphere.h">
      <Filter>Header Files\Geometry</Filter>
    </ClInclude>
    <ClInclude Include="include\geometry\box.h">
      <Filter>Header Files\Geometry</Filter>
    </ClInclude>
    <ClInclude Include="include\geometry\cylinder.h">
      <Filter>Header Files\Geometry</Filter>
    </ClInclude>
    <ClInclude Include="include\geometry\triangle.h">
      <Filter>Header Files\Geometry</Filter>
    </ClInclude>
    <ClInclude Include="include\geometry\mesh_triangle.h">
      <Filter>Header Files\Geometry</Filter>
    </ClInclude>
    <ClInclude Include="include\geometry\bvh_box.h">
      <Filter>Header Files\Geometry</Filter>
    </ClInclude>
    <ClInclude Include="include\geometry\bvh_accel.h">
      <Filter>Header Files\Geometry</Filter>
    </ClInclude>
    <!-- Material -->
    <ClInclude Include="include\material\material.h">
      <Filter>Header Files\Material</Filter>
    </ClInclude>
    <ClInclude Include="include\material\texture.h">
      <Filter>Header Files\Material</Filter>
    </ClInclude>
    <!-- Lighting -->
    <ClInclude Include="include\lighting\area_light.h">
      <Filter>Header Files\Lighting</Filter>
    </ClInclude>
    <ClInclude Include="include\lighting\environment_map.h">
      <Filter>Header Files\Lighting</Filter>
    </ClInclude>
    <ClInclude Include="include\lighting\environment_map_manager.h">
      <Filter>Header Files\Lighting</Filter>
    </ClInclude>
    <!-- Renderer -->
    <ClInclude Include="include\renderer\renderer.h">
      <Filter>Header Files\Renderer</Filter>
    </ClInclude>
    <ClInclude Include="include\renderer\brdf.h">
      <Filter>Header Files\Renderer</Filter>
    </ClInclude>
    <ClInclude Include="include\renderer\sampling.h">
      <Filter>Header Files\Renderer</Filter>
    </ClInclude>
    <!-- Scene -->
    <ClInclude Include="include\scene\scene.h">
      <Filter>Header Files\Scene</Filter>
    </ClInclude>
    <ClInclude Include="include\scene\scene_parser.h">
      <Filter>Header Files\Scene</Filter>
    </ClInclude>
    <ClInclude Include="include\scene\scene_cache.h">
      <Filter>Header Files\Scene</Filter>
    </ClInclude>
    <ClInclude Include="include\scene\assimp_loader.h">
      <Filter>Header Files\Scene</Filter>
    </ClInclude>
    <!-- Camera -->
    <ClInclude Include="include\camera\camera.h">
      <Filter>Header Files\Camera</Filter>
    </ClInclude>
    <ClInclude Include="include\camera\camera_path.h">
      <Filter>Header Files\Camera</Filter>
    </ClInclude>
    <!-- Output -->
    <ClInclude Include="include\output\image_buffer.h">
      <Filter>Header Files\Output</Filter>
    </ClInclude>
    <ClInclude Include="include\output\hdr_writer.h">
      <Filter>Header Files\Output</Filter>
    </ClInclude>
    <ClInclude Include="include\output\png_writer.h">
      <Filter>Header Files\Output</Filter>
    </ClInclude>
  </ItemGroup>
  <ItemGroup>
    <Text Include="camera.txt">
      <Filter>Resource Files</Filter>
    </Text>
  </ItemGroup>
  <ItemGroup>
    <None Include="testscene.scn">
      <Filter>Resource Files</Filter>
    </None>
    <None Include="config.toml">
      <Filter>Resource Files</Filter>
    </None>
  </ItemGroup>
</Project>